// !$*UTF8*$!
{
	archiveVersion = 1;
	classes = {
	};
	objectVersion = 46;
	objects = {

/* Begin PBXBuildFile section */
		891A6A5615AC664A00FBF637 /* UIKit.framework in Frameworks */ = {isa = PBXBuildFile; fileRef = 891A6A5515AC664A00FBF637 /* UIKit.framework */; };
		891A6A5815AC664A00FBF637 /* Foundation.framework in Frameworks */ = {isa = PBXBuildFile; fileRef = 891A6A5715AC664A00FBF637 /* Foundation.framework */; };
		891A6A5A15AC664A00FBF637 /* CoreGraphics.framework in Frameworks */ = {isa = PBXBuildFile; fileRef = 891A6A5915AC664A00FBF637 /* CoreGraphics.framework */; };
		891A6A6015AC664A00FBF637 /* InfoPlist.strings in Resources */ = {isa = PBXBuildFile; fileRef = 891A6A5E15AC664A00FBF637 /* InfoPlist.strings */; };
		891A6A6215AC664A00FBF637 /* main.m in Sources */ = {isa = PBXBuildFile; fileRef = 891A6A6115AC664A00FBF637 /* main.m */; };
		891A6A6615AC664A00FBF637 /* SACPCAppDelegate.m in Sources */ = {isa = PBXBuildFile; fileRef = 891A6A6515AC664A00FBF637 /* SACPCAppDelegate.m */; };
		891A6A6915AC664A00FBF637 /* MainStoryboard.storyboard in Resources */ = {isa = PBXBuildFile; fileRef = 891A6A6715AC664A00FBF637 /* MainStoryboard.storyboard */; };
		891A6A6C15AC664A00FBF637 /* SACPCFirstViewController.m in Sources */ = {isa = PBXBuildFile; fileRef = 891A6A6B15AC664A00FBF637 /* SACPCFirstViewController.m */; };
		891A6A6E15AC664A00FBF637 /* first.png in Resources */ = {isa = PBXBuildFile; fileRef = 891A6A6D15AC664A00FBF637 /* first.png */; };
		891A6A7015AC664A00FBF637 /* first@2x.png in Resources */ = {isa = PBXBuildFile; fileRef = 891A6A6F15AC664A00FBF637 /* first@2x.png */; };
		891A6A7315AC664A00FBF637 /* SACPCSecondViewController.m in Sources */ = {isa = PBXBuildFile; fileRef = 891A6A7215AC664A00FBF637 /* SACPCSecondViewController.m */; };
		891A6A7515AC664A00FBF637 /* second.png in Resources */ = {isa = PBXBuildFile; fileRef = 891A6A7415AC664A00FBF637 /* second.png */; };
		891A6A7715AC664A00FBF637 /* second@2x.png in Resources */ = {isa = PBXBuildFile; fileRef = 891A6A7615AC664A00FBF637 /* second@2x.png */; };
/* End PBXBuildFile section */

/* Begin PBXFileReference section */
		891A6A5115AC664A00FBF637 /* SACPC.app */ = {isa = PBXFileReference; explicitFileType = wrapper.application; includeInIndex = 0; path = SACPC.app; sourceTree = BUILT_PRODUCTS_DIR; };
		891A6A5515AC664A00FBF637 /* UIKit.framework */ = {isa = PBXFileReference; lastKnownFileType = wrapper.framework; name = UIKit.framework; path = System/Library/Frameworks/UIKit.framework; sourceTree = SDKROOT; };
		891A6A5715AC664A00FBF637 /* Foundation.framework */ = {isa = PBXFileReference; lastKnownFileType = wrapper.framework; name = Foundation.framework; path = System/Library/Frameworks/Foundation.framework; sourceTree = SDKROOT; };
		891A6A5915AC664A00FBF637 /* CoreGraphics.framework */ = {isa = PBXFileReference; lastKnownFileType = wrapper.framework; name = CoreGraphics.framework; path = System/Library/Frameworks/CoreGraphics.framework; sourceTree = SDKROOT; };
		891A6A5D15AC664A00FBF637 /* SACPC-Info.plist */ = {isa = PBXFileReference; lastKnownFileType = text.plist.xml; path = "SACPC-Info.plist"; sourceTree = "<group>"; };
		891A6A5F15AC664A00FBF637 /* en */ = {isa = PBXFileReference; lastKnownFileType = text.plist.strings; name = en; path = en.lproj/InfoPlist.strings; sourceTree = "<group>"; };
		891A6A6115AC664A00FBF637 /* main.m */ = {isa = PBXFileReference; lastKnownFileType = sourcecode.c.objc; path = main.m; sourceTree = "<group>"; };
		891A6A6315AC664A00FBF637 /* SACPC-Prefix.pch */ = {isa = PBXFileReference; lastKnownFileType = sourcecode.c.h; path = "SACPC-Prefix.pch"; sourceTree = "<group>"; };
		891A6A6415AC664A00FBF637 /* SACPCAppDelegate.h */ = {isa = PBXFileReference; lastKnownFileType = sourcecode.c.h; path = SACPCAppDelegate.h; sourceTree = "<group>"; };
		891A6A6515AC664A00FBF637 /* SACPCAppDelegate.m */ = {isa = PBXFileReference; lastKnownFileType = sourcecode.c.objc; path = SACPCAppDelegate.m; sourceTree = "<group>"; };
		891A6A6815AC664A00FBF637 /* en */ = {isa = PBXFileReference; lastKnownFileType = file.storyboard; name = en; path = en.lproj/MainStoryboard.storyboard; sourceTree = "<group>"; };
		891A6A6A15AC664A00FBF637 /* SACPCFirstViewController.h */ = {isa = PBXFileReference; lastKnownFileType = sourcecode.c.h; path = SACPCFirstViewController.h; sourceTree = "<group>"; };
		891A6A6B15AC664A00FBF637 /* SACPCFirstViewController.m */ = {isa = PBXFileReference; lastKnownFileType = sourcecode.c.objc; path = SACPCFirstViewController.m; sourceTree = "<group>"; };
		891A6A6D15AC664A00FBF637 /* first.png */ = {isa = PBXFileReference; lastKnownFileType = image.png; path = first.png; sourceTree = "<group>"; };
		891A6A6F15AC664A00FBF637 /* first@2x.png */ = {isa = PBXFileReference; lastKnownFileType = image.png; path = "first@2x.png"; sourceTree = "<group>"; };
		891A6A7115AC664A00FBF637 /* SACPCSecondViewController.h */ = {isa = PBXFileReference; lastKnownFileType = sourcecode.c.h; path = SACPCSecondViewController.h; sourceTree = "<group>"; };
		891A6A7215AC664A00FBF637 /* SACPCSecondViewController.m */ = {isa = PBXFileReference; lastKnownFileType = sourcecode.c.objc; path = SACPCSecondViewController.m; sourceTree = "<group>"; };
		891A6A7415AC664A00FBF637 /* second.png */ = {isa = PBXFileReference; lastKnownFileType = image.png; path = second.png; sourceTree = "<group>"; };
		891A6A7615AC664A00FBF637 /* second@2x.png */ = {isa = PBXFileReference; lastKnownFileType = image.png; path = "second@2x.png"; sourceTree = "<group>"; };
/* End PBXFileReference section */

/* Begin PBXFrameworksBuildPhase section */
		891A6A4E15AC664A00FBF637 /* Frameworks */ = {
			isa = PBXFrameworksBuildPhase;
			buildActionMask = 2147483647;
			files = (
				891A6A5615AC664A00FBF637 /* UIKit.framework in Frameworks */,
				891A6A5815AC664A00FBF637 /* Foundation.framework in Frameworks */,
				891A6A5A15AC664A00FBF637 /* CoreGraphics.framework in Frameworks */,
			);
			runOnlyForDeploymentPostprocessing = 0;
		};
/* End PBXFrameworksBuildPhase section */

/* Begin PBXGroup section */
		891A6A4615AC664A00FBF637 = {
			isa = PBXGroup;
			children = (
				891A6A5B15AC664A00FBF637 /* SACPC */,
				891A6A5415AC664A00FBF637 /* Frameworks */,
				891A6A5215AC664A00FBF637 /* Products */,
			);
			sourceTree = "<group>";
		};
		891A6A5215AC664A00FBF637 /* Products */ = {
			isa = PBXGroup;
			children = (
				891A6A5115AC664A00FBF637 /* SACPC.app */,
			);
			name = Products;
			sourceTree = "<group>";
		};
		891A6A5415AC664A00FBF637 /* Frameworks */ = {
			isa = PBXGroup;
			children = (
				891A6A5515AC664A00FBF637 /* UIKit.framework */,
				891A6A5715AC664A00FBF637 /* Foundation.framework */,
				891A6A5915AC664A00FBF637 /* CoreGraphics.framework */,
			);
			name = Frameworks;
			sourceTree = "<group>";
		};
		891A6A5B15AC664A00FBF637 /* SACPC */ = {
			isa = PBXGroup;
			children = (
				891A6A6415AC664A00FBF637 /* SACPCAppDelegate.h */,
				891A6A6515AC664A00FBF637 /* SACPCAppDelegate.m */,
				891A6A6715AC664A00FBF637 /* MainStoryboard.storyboard */,
				891A6A6A15AC664A00FBF637 /* SACPCFirstViewController.h */,
				891A6A6B15AC664A00FBF637 /* SACPCFirstViewController.m */,
				891A6A6D15AC664A00FBF637 /* first.png */,
				891A6A6F15AC664A00FBF637 /* first@2x.png */,
				891A6A7115AC664A00FBF637 /* SACPCSecondViewController.h */,
				891A6A7215AC664A00FBF637 /* SACPCSecondViewController.m */,
				891A6A7415AC664A00FBF637 /* second.png */,
				891A6A7615AC664A00FBF637 /* second@2x.png */,
				891A6A5C15AC664A00FBF637 /* Supporting Files */,
			);
			path = SACPC;
			sourceTree = "<group>";
		};
		891A6A5C15AC664A00FBF637 /* Supporting Files */ = {
			isa = PBXGroup;
			children = (
				891A6A5D15AC664A00FBF637 /* SACPC-Info.plist */,
				891A6A5E15AC664A00FBF637 /* InfoPlist.strings */,
				891A6A6115AC664A00FBF637 /* main.m */,
				891A6A6315AC664A00FBF637 /* SACPC-Prefix.pch */,
			);
			name = "Supporting Files";
			sourceTree = "<group>";
		};
/* End PBXGroup section */

/* Begin PBXNativeTarget section */
		891A6A5015AC664A00FBF637 /* SACPC */ = {
			isa = PBXNativeTarget;
			buildConfigurationList = 891A6A7A15AC664B00FBF637 /* Build configuration list for PBXNativeTarget "SACPC" */;
			buildPhases = (
				891A6A4D15AC664A00FBF637 /* Sources */,
				891A6A4E15AC664A00FBF637 /* Frameworks */,
				891A6A4F15AC664A00FBF637 /* Resources */,
			);
			buildRules = (
			);
			dependencies = (
			);
			name = SACPC;
			productName = SACPC;
			productReference = 891A6A5115AC664A00FBF637 /* SACPC.app */;
			productType = "com.apple.product-type.application";
		};
/* End PBXNativeTarget section */

/* Begin PBXProject section */
		891A6A4815AC664A00FBF637 /* Project object */ = {
			isa = PBXProject;
			attributes = {
				LastUpgradeCheck = 0420;
				ORGANIZATIONNAME = "Harvard College";
			};
			buildConfigurationList = 891A6A4B15AC664A00FBF637 /* Build configuration list for PBXProject "SACPC" */;
			compatibilityVersion = "Xcode 3.2";
			developmentRegion = English;
			hasScannedForEncodings = 0;
			knownRegions = (
				en,
			);
			mainGroup = 891A6A4615AC664A00FBF637;
			productRefGroup = 891A6A5215AC664A00FBF637 /* Products */;
			projectDirPath = "";
			projectRoot = "";
			targets = (
				891A6A5015AC664A00FBF637 /* SACPC */,
			);
		};
/* End PBXProject section */

/* Begin PBXResourcesBuildPhase section */
		891A6A4F15AC664A00FBF637 /* Resources */ = {
			isa = PBXResourcesBuildPhase;
			buildActionMask = 2147483647;
			files = (
				891A6A6015AC664A00FBF637 /* InfoPlist.strings in Resources */,
				891A6A6915AC664A00FBF637 /* MainStoryboard.storyboard in Resources */,
				891A6A6E15AC664A00FBF637 /* first.png in Resources */,
				891A6A7015AC664A00FBF637 /* first@2x.png in Resources */,
				891A6A7515AC664A00FBF637 /* second.png in Resources */,
				891A6A7715AC664A00FBF637 /* second@2x.png in Resources */,
			);
			runOnlyForDeploymentPostprocessing = 0;
		};
/* End PBXResourcesBuildPhase section */

/* Begin PBXSourcesBuildPhase section */
		891A6A4D15AC664A00FBF637 /* Sources */ = {
			isa = PBXSourcesBuildPhase;
			buildActionMask = 2147483647;
			files = (
				891A6A6215AC664A00FBF637 /* main.m in Sources */,
				891A6A6615AC664A00FBF637 /* SACPCAppDelegate.m in Sources */,
				891A6A6C15AC664A00FBF637 /* SACPCFirstViewController.m in Sources */,
				891A6A7315AC664A00FBF637 /* SACPCSecondViewController.m in Sources */,
			);
			runOnlyForDeploymentPostprocessing = 0;
		};
/* End PBXSourcesBuildPhase section */

/* Begin PBXVariantGroup section */
		891A6A5E15AC664A00FBF637 /* InfoPlist.strings */ = {
			isa = PBXVariantGroup;
			children = (
				891A6A5F15AC664A00FBF637 /* en */,
			);
			name = InfoPlist.strings;
			sourceTree = "<group>";
		};
		891A6A6715AC664A00FBF637 /* MainStoryboard.storyboard */ = {
			isa = PBXVariantGroup;
			children = (
				891A6A6815AC664A00FBF637 /* en */,
			);
			name = MainStoryboard.storyboard;
			sourceTree = "<group>";
		};
/* End PBXVariantGroup section */

/* Begin XCBuildConfiguration section */
		891A6A7815AC664B00FBF637 /* Debug */ = {
			isa = XCBuildConfiguration;
			buildSettings = {
				ALWAYS_SEARCH_USER_PATHS = NO;
				ARCHS = "$(ARCHS_STANDARD_32_BIT)";
				CLANG_ENABLE_OBJC_ARC = YES;
				"CODE_SIGN_IDENTITY[sdk=iphoneos*]" = "iPhone Developer";
				COPY_PHASE_STRIP = NO;
				GCC_C_LANGUAGE_STANDARD = gnu99;
				GCC_DYNAMIC_NO_PIC = NO;
				GCC_OPTIMIZATION_LEVEL = 0;
				GCC_PREPROCESSOR_DEFINITIONS = (
					"DEBUG=1",
					"$(inherited)",
				);
				GCC_SYMBOLS_PRIVATE_EXTERN = NO;
				GCC_VERSION = com.apple.compilers.llvm.clang.1_0;
				GCC_WARN_ABOUT_MISSING_PROTOTYPES = YES;
				GCC_WARN_ABOUT_RETURN_TYPE = YES;
				GCC_WARN_UNUSED_VARIABLE = YES;
				IPHONEOS_DEPLOYMENT_TARGET = 5.0;
				SDKROOT = iphoneos;
			};
			name = Debug;
		};
		891A6A7915AC664B00FBF637 /* Release */ = {
			isa = XCBuildConfiguration;
			buildSettings = {
				ALWAYS_SEARCH_USER_PATHS = NO;
				ARCHS = "$(ARCHS_STANDARD_32_BIT)";
				CLANG_ENABLE_OBJC_ARC = YES;
				"CODE_SIGN_IDENTITY[sdk=iphoneos*]" = "iPhone Developer";
				COPY_PHASE_STRIP = YES;
				GCC_C_LANGUAGE_STANDARD = gnu99;
				GCC_VERSION = com.apple.compilers.llvm.clang.1_0;
				GCC_WARN_ABOUT_MISSING_PROTOTYPES = YES;
				GCC_WARN_ABOUT_RETURN_TYPE = YES;
				GCC_WARN_UNUSED_VARIABLE = YES;
				IPHONEOS_DEPLOYMENT_TARGET = 5.0;
				OTHER_CFLAGS = "-DNS_BLOCK_ASSERTIONS=1";
				SDKROOT = iphoneos;
				VALIDATE_PRODUCT = YES;
			};
			name = Release;
		};
		891A6A7B15AC664B00FBF637 /* Debug */ = {
			isa = XCBuildConfiguration;
			buildSettings = {
				GCC_PRECOMPILE_PREFIX_HEADER = YES;
				GCC_PREFIX_HEADER = "SACPC/SACPC-Prefix.pch";
				INFOPLIST_FILE = "SACPC/SACPC-Info.plist";
				PRODUCT_NAME = "$(TARGET_NAME)";
				WRAPPER_EXTENSION = app;
			};
			name = Debug;
		};
		891A6A7C15AC664B00FBF637 /* Release */ = {
			isa = XCBuildConfiguration;
			buildSettings = {
				GCC_PRECOMPILE_PREFIX_HEADER = YES;
				GCC_PREFIX_HEADER = "SACPC/SACPC-Prefix.pch";
				INFOPLIST_FILE = "SACPC/SACPC-Info.plist";
				PRODUCT_NAME = "$(TARGET_NAME)";
				WRAPPER_EXTENSION = app;
			};
			name = Release;
		};
/* End XCBuildConfiguration section */

/* Begin XCConfigurationList section */
		891A6A4B15AC664A00FBF637 /* Build configuration list for PBXProject "SACPC" */ = {
			isa = XCConfigurationList;
			buildConfigurations = (
				891A6A7815AC664B00FBF637 /* Debug */,
				891A6A7915AC664B00FBF637 /* Release */,
			);
			defaultConfigurationIsVisible = 0;
			defaultConfigurationName = Release;
		};
		891A6A7A15AC664B00FBF637 /* Build configuration list for PBXNativeTarget "SACPC" */ = {
			isa = XCConfigurationList;
			buildConfigurations = (
				891A6A7B15AC664B00FBF637 /* Debug */,
				891A6A7C15AC664B00FBF637 /* Release */,
			);
			defaultConfigurationIsVisible = 0;
		};
/* End XCConfigurationList section */
	};
	rootObject = 891A6A4815AC664A00FBF637 /* Project object */;
}
